
Microsoft Visual Studio Solution File, Format Version 12.00
# TcXaeShell Solution File, Format Version 11.00
VisualStudioVersion = 17.7.34302.85
MinimumVisualStudioVersion = 10.0.40219.1
Project("{B1E792BE-AA5F-4E3C-8C82-674BF9C0715B}") = "251402-MGNBALL", "251402-MGNBALL.tsproj", "{309891C1-4596-4D0F-8C5B-7397A857B6FA}"
EndProject
Project("{FE7A1B72-C5B7-4D7C-BB7D-76384D4DE8E1}") = "HMI", "HMI\HMI.hmiproj", "{5528FE10-AD4B-4F15-BEF5-548F20E13254}"
EndProject
Global
	GlobalSection(SolutionConfigurationPlatforms) = preSolution
		Debug|TwinCAT HMI = Debug|TwinCAT HMI
		Debug|TwinCAT OS (ARMV7-A) = Debug|TwinCAT OS (ARMV7-A)
		Debug|TwinCAT OS (ARMV7-M) = Debug|TwinCAT OS (ARMV7-M)
		Debug|TwinCAT OS (ARMV8-A) = Debug|TwinCAT OS (ARMV8-A)
		Debug|TwinCAT OS (x64) = Debug|TwinCAT OS (x64)
		Debug|TwinCAT OS (x64-E) = Debug|TwinCAT OS (x64-E)
		Debug|TwinCAT RT (x64) = Debug|TwinCAT RT (x64)
		Debug|TwinCAT RT (x86) = Debug|TwinCAT RT (x86)
		Release|TwinCAT HMI = Release|TwinCAT HMI
		Release|TwinCAT OS (ARMV7-A) = Release|TwinCAT OS (ARMV7-A)
		Release|TwinCAT OS (ARMV7-M) = Release|TwinCAT OS (ARMV7-M)
		Release|TwinCAT OS (ARMV8-A) = Release|TwinCAT OS (ARMV8-A)
		Release|TwinCAT OS (x64) = Release|TwinCAT OS (x64)
		Release|TwinCAT OS (x64-E) = Release|TwinCAT OS (x64-E)
		Release|TwinCAT RT (x64) = Release|TwinCAT RT (x64)
		Release|TwinCAT RT (x86) = Release|TwinCAT RT (x86)
	EndGlobalSection
	GlobalSection(ProjectConfigurationPlatforms) = postSolution
		{309891C1-4596-4D0F-8C5B-7397A857B6FA}.Debug|TwinCAT HMI.ActiveCfg = Debug|TwinCAT RT (x64)
		{309891C1-4596-4D0F-8C5B-7397A857B6FA}.Debug|TwinCAT HMI.Build.0 = Debug|TwinCAT RT (x64)
		{309891C1-4596-4D0F-8C5B-7397A857B6FA}.Debug|TwinCAT OS (ARMV7-A).ActiveCfg = Debug|TwinCAT OS (ARMV7-A)
		{309891C1-4596-4D0F-8C5B-7397A857B6FA}.Debug|TwinCAT OS (ARMV7-A).Build.0 = Debug|TwinCAT OS (ARMV7-A)
		{309891C1-4596-4D0F-8C5B-7397A857B6FA}.Debug|TwinCAT OS (ARMV7-M).ActiveCfg = Debug|TwinCAT OS (ARMV7-M)
		{309891C1-4596-4D0F-8C5B-7397A857B6FA}.Debug|TwinCAT OS (ARMV7-M).Build.0 = Debug|TwinCAT OS (ARMV7-M)
		{309891C1-4596-4D0F-8C5B-7397A857B6FA}.Debug|TwinCAT OS (ARMV8-A).ActiveCfg = Debug|TwinCAT OS (ARMV8-A)
		{309891C1-4596-4D0F-8C5B-7397A857B6FA}.Debug|TwinCAT OS (ARMV8-A).Build.0 = Debug|TwinCAT OS (ARMV8-A)
		{309891C1-4596-4D0F-8C5B-7397A857B6FA}.Debug|TwinCAT OS (x64).ActiveCfg = Debug|TwinCAT OS (x64)
		{309891C1-4596-4D0F-8C5B-7397A857B6FA}.Debug|TwinCAT OS (x64).Build.0 = Debug|TwinCAT OS (x64)
		{309891C1-4596-4D0F-8C5B-7397A857B6FA}.Debug|TwinCAT OS (x64-E).ActiveCfg = Debug|TwinCAT OS (x64-E)
		{309891C1-4596-4D0F-8C5B-7397A857B6FA}.Debug|TwinCAT OS (x64-E).Build.0 = Debug|TwinCAT OS (x64-E)
		{309891C1-4596-4D0F-8C5B-7397A857B6FA}.Debug|TwinCAT RT (x64).ActiveCfg = Debug|TwinCAT RT (x64)
		{309891C1-4596-4D0F-8C5B-7397A857B6FA}.Debug|TwinCAT RT (x64).Build.0 = Debug|TwinCAT RT (x64)
		{309891C1-4596-4D0F-8C5B-7397A857B6FA}.Debug|TwinCAT RT (x86).ActiveCfg = Debug|TwinCAT RT (x86)
		{309891C1-4596-4D0F-8C5B-7397A857B6FA}.Debug|TwinCAT RT (x86).Build.0 = Debug|TwinCAT RT (x86)
		{309891C1-4596-4D0F-8C5B-7397A857B6FA}.Release|TwinCAT HMI.ActiveCfg = Release|TwinCAT RT (x64)
		{309891C1-4596-4D0F-8C5B-7397A857B6FA}.Release|TwinCAT HMI.Build.0 = Release|TwinCAT RT (x64)
		{309891C1-4596-4D0F-8C5B-7397A857B6FA}.Release|TwinCAT OS (ARMV7-A).ActiveCfg = Release|TwinCAT OS (ARMV7-A)
		{309891C1-4596-4D0F-8C5B-7397A857B6FA}.Release|TwinCAT OS (ARMV7-A).Build.0 = Release|TwinCAT OS (ARMV7-A)
		{309891C1-4596-4D0F-8C5B-7397A857B6FA}.Release|TwinCAT OS (ARMV7-M).ActiveCfg = Release|TwinCAT OS (ARMV7-M)
		{309891C1-4596-4D0F-8C5B-7397A857B6FA}.Release|TwinCAT OS (ARMV7-M).Build.0 = Release|TwinCAT OS (ARMV7-M)
		{309891C1-4596-4D0F-8C5B-7397A857B6FA}.Release|TwinCAT OS (ARMV8-A).ActiveCfg = Release|TwinCAT OS (ARMV8-A)
		{309891C1-4596-4D0F-8C5B-7397A857B6FA}.Release|TwinCAT OS (ARMV8-A).Build.0 = Release|TwinCAT OS (ARMV8-A)
		{309891C1-4596-4D0F-8C5B-7397A857B6FA}.Release|TwinCAT OS (x64).ActiveCfg = Release|TwinCAT OS (x64)
		{309891C1-4596-4D0F-8C5B-7397A857B6FA}.Release|TwinCAT OS (x64).Build.0 = Release|TwinCAT OS (x64)
		{309891C1-4596-4D0F-8C5B-7397A857B6FA}.Release|TwinCAT OS (x64-E).ActiveCfg = Release|TwinCAT OS (x64-E)
		{309891C1-4596-4D0F-8C5B-7397A857B6FA}.Release|TwinCAT OS (x64-E).Build.0 = Release|TwinCAT OS (x64-E)
		{309891C1-4596-4D0F-8C5B-7397A857B6FA}.Release|TwinCAT RT (x64).ActiveCfg = Release|TwinCAT RT (x64)
		{309891C1-4596-4D0F-8C5B-7397A857B6FA}.Release|TwinCAT RT (x64).Build.0 = Release|TwinCAT RT (x64)
		{309891C1-4596-4D0F-8C5B-7397A857B6FA}.Release|TwinCAT RT (x86).ActiveCfg = Release|TwinCAT RT (x86)
		{309891C1-4596-4D0F-8C5B-7397A857B6FA}.Release|TwinCAT RT (x86).Build.0 = Release|TwinCAT RT (x86)
		{5B355360-B0A6-4E49-842A-835ADE10388A}.Debug|TwinCAT HMI.ActiveCfg = Debug|TwinCAT RT (x64)
		{5B355360-B0A6-4E49-842A-835ADE10388A}.Debug|TwinCAT HMI.Build.0 = Debug|TwinCAT RT (x64)
		{5B355360-B0A6-4E49-842A-835ADE10388A}.Debug|TwinCAT OS (ARMV7-A).ActiveCfg = Debug|TwinCAT OS (ARMV7-A)
		{5B355360-B0A6-4E49-842A-835ADE10388A}.Debug|TwinCAT OS (ARMV7-A).Build.0 = Debug|TwinCAT OS (ARMV7-A)
		{5B355360-B0A6-4E49-842A-835ADE10388A}.Debug|TwinCAT OS (ARMV7-M).ActiveCfg = Debug|TwinCAT OS (ARMV7-M)
		{5B355360-B0A6-4E49-842A-835ADE10388A}.Debug|TwinCAT OS (ARMV7-M).Build.0 = Debug|TwinCAT OS (ARMV7-M)
		{5B355360-B0A6-4E49-842A-835ADE10388A}.Debug|TwinCAT OS (ARMV8-A).ActiveCfg = Debug|TwinCAT OS (ARMV8-A)
		{5B355360-B0A6-4E49-842A-835ADE10388A}.Debug|TwinCAT OS (ARMV8-A).Build.0 = Debug|TwinCAT OS (ARMV8-A)
		{5B355360-B0A6-4E49-842A-835ADE10388A}.Debug|TwinCAT OS (x64).ActiveCfg = Debug|TwinCAT OS (x64)
		{5B355360-B0A6-4E49-842A-835ADE10388A}.Debug|TwinCAT OS (x64).Build.0 = Debug|TwinCAT OS (x64)
		{5B355360-B0A6-4E49-842A-835ADE10388A}.Debug|TwinCAT OS (x64-E).ActiveCfg = Debug|TwinCAT OS (x64-E)
		{5B355360-B0A6-4E49-842A-835ADE10388A}.Debug|TwinCAT OS (x64-E).Build.0 = Debug|TwinCAT OS (x64-E)
		{5B355360-B0A6-4E49-842A-835ADE10388A}.Debug|TwinCAT RT (x64).ActiveCfg = Debug|TwinCAT RT (x64)
		{5B355360-B0A6-4E49-842A-835ADE10388A}.Debug|TwinCAT RT (x64).Build.0 = Debug|TwinCAT RT (x64)
		{5B355360-B0A6-4E49-842A-835ADE10388A}.Debug|TwinCAT RT (x86).ActiveCfg = Debug|TwinCAT RT (x86)
		{5B355360-B0A6-4E49-842A-835ADE10388A}.Debug|TwinCAT RT (x86).Build.0 = Debug|TwinCAT RT (x86)
		{5B355360-B0A6-4E49-842A-835ADE10388A}.Release|TwinCAT HMI.ActiveCfg = Release|TwinCAT RT (x64)
		{5B355360-B0A6-4E49-842A-835ADE10388A}.Release|TwinCAT HMI.Build.0 = Release|TwinCAT RT (x64)
		{5B355360-B0A6-4E49-842A-835ADE10388A}.Release|TwinCAT OS (ARMV7-A).ActiveCfg = Release|TwinCAT OS (ARMV7-A)
		{5B355360-B0A6-4E49-842A-835ADE10388A}.Release|TwinCAT OS (ARMV7-A).Build.0 = Release|TwinCAT OS (ARMV7-A)
		{5B355360-B0A6-4E49-842A-835ADE10388A}.Release|TwinCAT OS (ARMV7-M).ActiveCfg = Release|TwinCAT OS (ARMV7-M)
		{5B355360-B0A6-4E49-842A-835ADE10388A}.Release|TwinCAT OS (ARMV7-M).Build.0 = Release|TwinCAT OS (ARMV7-M)
		{5B355360-B0A6-4E49-842A-835ADE10388A}.Release|TwinCAT OS (ARMV8-A).ActiveCfg = Release|TwinCAT OS (ARMV8-A)
		{5B355360-B0A6-4E49-842A-835ADE10388A}.Release|TwinCAT OS (ARMV8-A).Build.0 = Release|TwinCAT OS (ARMV8-A)
		{5B355360-B0A6-4E49-842A-835ADE10388A}.Release|TwinCAT OS (x64).ActiveCfg = Release|TwinCAT OS (x64)
		{5B355360-B0A6-4E49-842A-835ADE10388A}.Release|TwinCAT OS (x64).Build.0 = Release|TwinCAT OS (x64)
		{5B355360-B0A6-4E49-842A-835ADE10388A}.Release|TwinCAT OS (x64-E).ActiveCfg = Release|TwinCAT OS (x64-E)
		{5B355360-B0A6-4E49-842A-835ADE10388A}.Release|TwinCAT OS (x64-E).Build.0 = Release|TwinCAT OS (x64-E)
		{5B355360-B0A6-4E49-842A-835ADE10388A}.Release|TwinCAT RT (x64).ActiveCfg = Release|TwinCAT RT (x64)
		{5B355360-B0A6-4E49-842A-835ADE10388A}.Release|TwinCAT RT (x64).Build.0 = Release|TwinCAT RT (x64)
		{5B355360-B0A6-4E49-842A-835ADE10388A}.Release|TwinCAT RT (x86).ActiveCfg = Release|TwinCAT RT (x86)
		{5B355360-B0A6-4E49-842A-835ADE10388A}.Release|TwinCAT RT (x86).Build.0 = Release|TwinCAT RT (x86)
		{5528FE10-AD4B-4F15-BEF5-548F20E13254}.Debug|TwinCAT HMI.ActiveCfg = Debug|TwinCAT HMI
		{5528FE10-AD4B-4F15-BEF5-548F20E13254}.Debug|TwinCAT HMI.Build.0 = Debug|TwinCAT HMI
		{5528FE10-AD4B-4F15-BEF5-548F20E13254}.Debug|TwinCAT OS (ARMV7-A).ActiveCfg = Debug|TwinCAT HMI
		{5528FE10-AD4B-4F15-BEF5-548F20E13254}.Debug|TwinCAT OS (ARMV7-A).Build.0 = Debug|TwinCAT HMI
		{5528FE10-AD4B-4F15-BEF5-548F20E13254}.Debug|TwinCAT OS (ARMV7-M).ActiveCfg = Debug|TwinCAT HMI
		{5528FE10-AD4B-4F15-BEF5-548F20E13254}.Debug|TwinCAT OS (ARMV7-M).Build.0 = Debug|TwinCAT HMI
		{5528FE10-AD4B-4F15-BEF5-548F20E13254}.Debug|TwinCAT OS (ARMV8-A).ActiveCfg = Debug|TwinCAT HMI
		{5528FE10-AD4B-4F15-BEF5-548F20E13254}.Debug|TwinCAT OS (ARMV8-A).Build.0 = Debug|TwinCAT HMI
		{5528FE10-AD4B-4F15-BEF5-548F20E13254}.Debug|TwinCAT OS (x64).ActiveCfg = Debug|TwinCAT HMI
		{5528FE10-AD4B-4F15-BEF5-548F20E13254}.Debug|TwinCAT OS (x64).Build.0 = Debug|TwinCAT HMI
		{5528FE10-AD4B-4F15-BEF5-548F20E13254}.Debug|TwinCAT OS (x64-E).ActiveCfg = Debug|TwinCAT HMI
		{5528FE10-AD4B-4F15-BEF5-548F20E13254}.Debug|TwinCAT OS (x64-E).Build.0 = Debug|TwinCAT HMI
		{5528FE10-AD4B-4F15-BEF5-548F20E13254}.Debug|TwinCAT RT (x64).ActiveCfg = Debug|TwinCAT HMI
		{5528FE10-AD4B-4F15-BEF5-548F20E13254}.Debug|TwinCAT RT (x64).Build.0 = Debug|TwinCAT HMI
		{5528FE10-AD4B-4F15-BEF5-548F20E13254}.Debug|TwinCAT RT (x86).ActiveCfg = Debug|TwinCAT HMI
		{5528FE10-AD4B-4F15-BEF5-548F20E13254}.Debug|TwinCAT RT (x86).Build.0 = Debug|TwinCAT HMI
		{5528FE10-AD4B-4F15-BEF5-548F20E13254}.Release|TwinCAT HMI.ActiveCfg = Release|TwinCAT HMI
		{5528FE10-AD4B-4F15-BEF5-548F20E13254}.Release|TwinCAT HMI.Build.0 = Release|TwinCAT HMI
		{5528FE10-AD4B-4F15-BEF5-548F20E13254}.Release|TwinCAT OS (ARMV7-A).ActiveCfg = Release|TwinCAT HMI
		{5528FE10-AD4B-4F15-BEF5-548F20E13254}.Release|TwinCAT OS (ARMV7-A).Build.0 = Release|TwinCAT HMI
		{5528FE10-AD4B-4F15-BEF5-548F20E13254}.Release|TwinCAT OS (ARMV7-M).ActiveCfg = Release|TwinCAT HMI
		{5528FE10-AD4B-4F15-BEF5-548F20E13254}.Release|TwinCAT OS (ARMV7-M).Build.0 = Release|TwinCAT HMI
		{5528FE10-AD4B-4F15-BEF5-548F20E13254}.Release|TwinCAT OS (ARMV8-A).ActiveCfg = Release|TwinCAT HMI
		{5528FE10-AD4B-4F15-BEF5-548F20E13254}.Release|TwinCAT OS (ARMV8-A).Build.0 = Release|TwinCAT HMI
		{5528FE10-AD4B-4F15-BEF5-548F20E13254}.Release|TwinCAT OS (x64).ActiveCfg = Release|TwinCAT HMI
		{5528FE10-AD4B-4F15-BEF5-548F20E13254}.Release|TwinCAT OS (x64).Build.0 = Release|TwinCAT HMI
		{5528FE10-AD4B-4F15-BEF5-548F20E13254}.Release|TwinCAT OS (x64-E).ActiveCfg = Release|TwinCAT HMI
		{5528FE10-AD4B-4F15-BEF5-548F20E13254}.Release|TwinCAT OS (x64-E).Build.0 = Release|TwinCAT HMI
		{5528FE10-AD4B-4F15-BEF5-548F20E13254}.Release|TwinCAT RT (x64).ActiveCfg = Release|TwinCAT HMI
		{5528FE10-AD4B-4F15-BEF5-548F20E13254}.Release|TwinCAT RT (x64).Build.0 = Release|TwinCAT HMI
		{5528FE10-AD4B-4F15-BEF5-548F20E13254}.Release|TwinCAT RT (x86).ActiveCfg = Release|TwinCAT HMI
		{5528FE10-AD4B-4F15-BEF5-548F20E13254}.Release|TwinCAT RT (x86).Build.0 = Release|TwinCAT HMI
	EndGlobalSection
	GlobalSection(SolutionProperties) = preSolution
		HideSolutionNode = FALSE
	EndGlobalSection
	GlobalSection(ExtensibilityGlobals) = postSolution
		SolutionGuid = {6074819C-A3D9-4510-8973-715D4AD507B8}
	EndGlobalSection
EndGlobal
